// !$*UTF8*$!
{
	archiveVersion = 1;
	classes = {
	};
	objectVersion = 56;
	objects = {

/* Begin PBXBuildFile section */
		0FABB452D1E4F020AAF09896 /* UsableTimeWidget.swift in Sources */ = {isa = PBXBuildFile; fileRef = 2BA6630C19CFCE153E6A22BD /* UsableTimeWidget.swift */; };
		139CC16BB770927E35C73A16 /* HealthService.swift in Sources */ = {isa = PBXBuildFile; fileRef = DEFDF748BAAB394AB39A6521 /* HealthService.swift */; };
		1790B0431C0A702E3C4D3A8F /* BestNextActionWidget.swift in Sources */ = {isa = PBXBuildFile; fileRef = 5652B19156DB21CFDB4A9433 /* BestNextActionWidget.swift */; };
		1867B909FA67B3A39C779266 /* LearnedAssumptionsViewModel.swift in Sources */ = {isa = PBXBuildFile; fileRef = C846D3A21090B08FC60339F0 /* LearnedAssumptionsViewModel.swift */; };
		2581959640C248F708C40237 /* NextEventWidget.swift in Sources */ = {isa = PBXBuildFile; fileRef = 0735A76942000F597C1CACE5 /* NextEventWidget.swift */; };
		27E0CEE0014BB03E51E55021 /* WidgetSnapshot.swift in Sources */ = {isa = PBXBuildFile; fileRef = 3FA88F58BA84E09F833DCD97 /* WidgetSnapshot.swift */; };
		3D092792B9E925D96BBCB8C5 /* FirebaseAuth in Frameworks */ = {isa = PBXBuildFile; productRef = 0AD19081BFEAB84D2436D502 /* FirebaseAuth */; };
		3F554C916352558F50E350F1 /* FirebaseCore in Frameworks */ = {isa = PBXBuildFile; productRef = B7C454C84B7C4695AE16D3BD /* FirebaseCore */; };
		52BDFC5568770624F97DA818 /* TimeSenseWidgetBundle.swift in Sources */ = {isa = PBXBuildFile; fileRef = E36EB356DF40246D524569A1 /* TimeSenseWidgetBundle.swift */; };
		56A356B25C25BEB8CD534EE2 /* InsightsViewModel.swift in Sources */ = {isa = PBXBuildFile; fileRef = F22CD5D75BA658BEA67CA349 /* InsightsViewModel.swift */; };
		6CD4FF6DFF50C030900D4212 /* GoogleSignIn in Frameworks */ = {isa = PBXBuildFile; productRef = B1E8B7D3AE0CA4FC53BB095C /* GoogleSignIn */; };
		6DE9467AEC6AECB4110CB3C0 /* DesignTokens.swift in Sources */ = {isa = PBXBuildFile; fileRef = A2000005 /* DesignTokens.swift */; };
		6F341198DDE522BD07556E0F /* LearnedAssumptionsView.swift in Sources */ = {isa = PBXBuildFile; fileRef = D44E62F60C5377281196BE9F /* LearnedAssumptionsView.swift */; };
		728E116FA78F04E8313637A4 /* SnapshotProvider.swift in Sources */ = {isa = PBXBuildFile; fileRef = D1279BB5F66DAC3C14E45947 /* SnapshotProvider.swift */; };
		89438A1E57EBE9F4974111C0 /* AppDelegate.swift in Sources */ = {isa = PBXBuildFile; fileRef = 3EB3BCF8932A4D3E59E6DE68 /* AppDelegate.swift */; };
		8E3B31883FEA8B41E2E76E41 /* EventEditorView.swift in Sources */ = {isa = PBXBuildFile; fileRef = 63E29C3626EF863D669F96BA /* EventEditorView.swift */; };
		A1000001 /* TimeSenseApp.swift in Sources */ = {isa = PBXBuildFile; fileRef = A2000001 /* TimeSenseApp.swift */; };
		A1000002 /* AppState.swift in Sources */ = {isa = PBXBuildFile; fileRef = A2000002 /* AppState.swift */; };
		A1000003 /* ContentView.swift in Sources */ = {isa = PBXBuildFile; fileRef = A2000003 /* ContentView.swift */; };
		A1000004 /* MainTabView.swift in Sources */ = {isa = PBXBuildFile; fileRef = A2000004 /* MainTabView.swift */; };
		A1000005 /* DesignTokens.swift in Sources */ = {isa = PBXBuildFile; fileRef = A2000005 /* DesignTokens.swift */; };
		A1000006 /* ViewModifiers.swift in Sources */ = {isa = PBXBuildFile; fileRef = A2000006 /* ViewModifiers.swift */; };
		A1000007 /* NowView.swift in Sources */ = {isa = PBXBuildFile; fileRef = A2000007 /* NowView.swift */; };
		A1000008 /* TodayView.swift in Sources */ = {isa = PBXBuildFile; fileRef = A2000008 /* TodayView.swift */; };
		A1000009 /* CaptureView.swift in Sources */ = {isa = PBXBuildFile; fileRef = A2000009 /* CaptureView.swift */; };
		A1000010 /* InsightsView.swift in Sources */ = {isa = PBXBuildFile; fileRef = A2000010 /* InsightsView.swift */; };
		A1000011 /* SettingsView.swift in Sources */ = {isa = PBXBuildFile; fileRef = A2000011 /* SettingsView.swift */; };
		A1000012 /* EmptyStateView.swift in Sources */ = {isa = PBXBuildFile; fileRef = A2000012 /* EmptyStateView.swift */; };
		A1000013 /* APIClient.swift in Sources */ = {isa = PBXBuildFile; fileRef = A2000013 /* APIClient.swift */; };
		A1000014 /* View+Extensions.swift in Sources */ = {isa = PBXBuildFile; fileRef = A2000014 /* View+Extensions.swift */; };
		A1000015 /* AuthService.swift in Sources */ = {isa = PBXBuildFile; fileRef = A2000015 /* AuthService.swift */; };
		A1000016 /* AppleSignInCoordinator.swift in Sources */ = {isa = PBXBuildFile; fileRef = A2000016 /* AppleSignInCoordinator.swift */; };
		A1000017 /* SignInView.swift in Sources */ = {isa = PBXBuildFile; fileRef = A2000017 /* SignInView.swift */; };
		A1000018 /* OnboardingView.swift in Sources */ = {isa = PBXBuildFile; fileRef = A2000018 /* OnboardingView.swift */; };
		A1000030 /* CaptureViewModel.swift in Sources */ = {isa = PBXBuildFile; fileRef = A2000030 /* CaptureViewModel.swift */; };
		A1000031 /* TodayViewModel.swift in Sources */ = {isa = PBXBuildFile; fileRef = A2000031 /* TodayViewModel.swift */; };
		A1000032 /* TimelineCard.swift in Sources */ = {isa = PBXBuildFile; fileRef = A2000032 /* TimelineCard.swift */; };
		A1000033 /* NowViewModel.swift in Sources */ = {isa = PBXBuildFile; fileRef = A2000033 /* NowViewModel.swift */; };
		A2D6914E19DA19A024906F18 /* CalendarSyncService.swift in Sources */ = {isa = PBXBuildFile; fileRef = 3905AA6E1DC3584DC4579947 /* CalendarSyncService.swift */; };
		AB4928A79E2DF8D711F9C21C /* Foundation.framework in Frameworks */ = {isa = PBXBuildFile; fileRef = 3AF2C9C92FEC1E46674899DC /* Foundation.framework */; };
		AC5C8D839246AAA1FAD6F1A8 /* DeepLinkRouter.swift in Sources */ = {isa = PBXBuildFile; fileRef = 157401B5592BA83C136A5804 /* DeepLinkRouter.swift */; };
		B222B5BA80D315FBD04DD843 /* GoogleService-Info.plist in Resources */ = {isa = PBXBuildFile; fileRef = 10849A270EBDF154E79FD082 /* GoogleService-Info.plist */; };
		B98E3891DFBAB8E368AEF84E /* TimeSenseWidgetExtension.appex in Embed Foundation Extensions */ = {isa = PBXBuildFile; fileRef = FC4C1AC65D8617FA53D4A853 /* TimeSenseWidgetExtension.appex */; settings = {ATTRIBUTES = (RemoveHeaderOnCopy, ); }; };
		C1277917BBEAE5DE7169E3AD /* PlacesSettingsView.swift in Sources */ = {isa = PBXBuildFile; fileRef = 71DE2E87542D3359F2FEE460 /* PlacesSettingsView.swift */; };
		C947A57452119252AB0CE31D /* TimeSenseShortcuts.swift in Sources */ = {isa = PBXBuildFile; fileRef = 1D9496846C646307031C8387 /* TimeSenseShortcuts.swift */; };
		DF73E27F96DC6091FCDB6F74 /* SettingsScreens.swift in Sources */ = {isa = PBXBuildFile; fileRef = 4AC9046CC1824BBE8217F24B /* SettingsScreens.swift */; };
		F0D2D149DB35C66A29073F3C /* TimeSenseAppIntents.swift in Sources */ = {isa = PBXBuildFile; fileRef = B27C9273247D83F087DBA4C0 /* TimeSenseAppIntents.swift */; };
		F241C418D7E5B07832A1E7D5 /* LocationService.swift in Sources */ = {isa = PBXBuildFile; fileRef = F16EB79605DB0C9B35633534 /* LocationService.swift */; };
		F38816ECFDA6CE143C0C8729 /* Assets.xcassets in Resources */ = {isa = PBXBuildFile; fileRef = A27CCD58C9BAE9E0D039807B /* Assets.xcassets */; };
		FAA7334EFCCDA29FF0B9667E /* WidgetSnapshot.swift in Sources */ = {isa = PBXBuildFile; fileRef = 3FA88F58BA84E09F833DCD97 /* WidgetSnapshot.swift */; };
/* End PBXBuildFile section */

/* Begin PBXContainerItemProxy section */
		A644018C0556263546BCAFDA /* PBXContainerItemProxy */ = {
			isa = PBXContainerItemProxy;
			containerPortal = A9000001 /* Project object */;
			proxyType = 1;
			remoteGlobalIDString = C7768A1DC53D81F23727A0A6;
			remoteInfo = TimeSenseWidgetExtension;
		};
/* End PBXContainerItemProxy section */

/* Begin PBXCopyFilesBuildPhase section */
		C489911DA60F29D17BA57C1D /* Embed Foundation Extensions */ = {
			isa = PBXCopyFilesBuildPhase;
			buildActionMask = 2147483647;
			dstPath = "";
			dstSubfolderSpec = 13;
			files = (
				B98E3891DFBAB8E368AEF84E /* TimeSenseWidgetExtension.appex in Embed Foundation Extensions */,
			);
			name = "Embed Foundation Extensions";
			runOnlyForDeploymentPostprocessing = 0;
		};
/* End PBXCopyFilesBuildPhase section */

/* Begin PBXFileReference section */
		0735A76942000F597C1CACE5 /* NextEventWidget.swift */ = {isa = PBXFileReference; includeInIndex = 1; lastKnownFileType = sourcecode.swift; path = NextEventWidget.swift; sourceTree = "<group>"; };
		10849A270EBDF154E79FD082 /* GoogleService-Info.plist */ = {isa = PBXFileReference; includeInIndex = 1; lastKnownFileType = text.plist.xml; path = "GoogleService-Info.plist"; sourceTree = "<group>"; };
		157401B5592BA83C136A5804 /* DeepLinkRouter.swift */ = {isa = PBXFileReference; includeInIndex = 1; lastKnownFileType = sourcecode.swift; path = DeepLinkRouter.swift; sourceTree = "<group>"; };
		1D9496846C646307031C8387 /* TimeSenseShortcuts.swift */ = {isa = PBXFileReference; includeInIndex = 1; lastKnownFileType = sourcecode.swift; path = TimeSenseShortcuts.swift; sourceTree = "<group>"; };
		2BA6630C19CFCE153E6A22BD /* UsableTimeWidget.swift */ = {isa = PBXFileReference; includeInIndex = 1; lastKnownFileType = sourcecode.swift; path = UsableTimeWidget.swift; sourceTree = "<group>"; };
		3905AA6E1DC3584DC4579947 /* CalendarSyncService.swift */ = {isa = PBXFileReference; includeInIndex = 1; lastKnownFileType = sourcecode.swift; name = CalendarSyncService.swift; path = Calendar/CalendarSyncService.swift; sourceTree = "<group>"; };
		3AF2C9C92FEC1E46674899DC /* Foundation.framework */ = {isa = PBXFileReference; lastKnownFileType = wrapper.framework; name = Foundation.framework; path = Platforms/iPhoneOS.platform/Developer/SDKs/iPhoneOS18.0.sdk/System/Library/Frameworks/Foundation.framework; sourceTree = DEVELOPER_DIR; };
		3EB3BCF8932A4D3E59E6DE68 /* AppDelegate.swift */ = {isa = PBXFileReference; includeInIndex = 1; lastKnownFileType = sourcecode.swift; path = AppDelegate.swift; sourceTree = "<group>"; };
		3FA88F58BA84E09F833DCD97 /* WidgetSnapshot.swift */ = {isa = PBXFileReference; includeInIndex = 1; lastKnownFileType = sourcecode.swift; path = WidgetSnapshot.swift; sourceTree = "<group>"; };
		4AC9046CC1824BBE8217F24B /* SettingsScreens.swift */ = {isa = PBXFileReference; includeInIndex = 1; lastKnownFileType = sourcecode.swift; path = SettingsScreens.swift; sourceTree = "<group>"; };
		53053C84F6BDAB4CB9AC5592 /* TimeSenseWidget.entitlements */ = {isa = PBXFileReference; includeInIndex = 1; lastKnownFileType = text.plist.entitlements; path = TimeSenseWidget.entitlements; sourceTree = "<group>"; };
		5652B19156DB21CFDB4A9433 /* BestNextActionWidget.swift */ = {isa = PBXFileReference; includeInIndex = 1; lastKnownFileType = sourcecode.swift; path = BestNextActionWidget.swift; sourceTree = "<group>"; };
		6345B92D47288413957CE8BE /* Info.plist */ = {isa = PBXFileReference; includeInIndex = 1; lastKnownFileType = text.plist.xml; path = Info.plist; sourceTree = "<group>"; };
		63E29C3626EF863D669F96BA /* EventEditorView.swift */ = {isa = PBXFileReference; includeInIndex = 1; lastKnownFileType = sourcecode.swift; name = EventEditorView.swift; path = Calendar/EventEditorView.swift; sourceTree = "<group>"; };
		71DE2E87542D3359F2FEE460 /* PlacesSettingsView.swift */ = {isa = PBXFileReference; includeInIndex = 1; lastKnownFileType = sourcecode.swift; path = PlacesSettingsView.swift; sourceTree = "<group>"; };
		7FAA2C64ED43B5EA57A49D6E /* TimeSense.entitlements */ = {isa = PBXFileReference; includeInIndex = 1; lastKnownFileType = text.plist.entitlements; path = TimeSense.entitlements; sourceTree = "<group>"; };
		A2000001 /* TimeSenseApp.swift */ = {isa = PBXFileReference; lastKnownFileType = sourcecode.swift; path = TimeSenseApp.swift; sourceTree = "<group>"; };
		A2000002 /* AppState.swift */ = {isa = PBXFileReference; lastKnownFileType = sourcecode.swift; path = AppState.swift; sourceTree = "<group>"; };
		A2000003 /* ContentView.swift */ = {isa = PBXFileReference; lastKnownFileType = sourcecode.swift; path = ContentView.swift; sourceTree = "<group>"; };
		A2000004 /* MainTabView.swift */ = {isa = PBXFileReference; lastKnownFileType = sourcecode.swift; path = MainTabView.swift; sourceTree = "<group>"; };
		A2000005 /* DesignTokens.swift */ = {isa = PBXFileReference; lastKnownFileType = sourcecode.swift; path = DesignTokens.swift; sourceTree = "<group>"; };
		A2000006 /* ViewModifiers.swift */ = {isa = PBXFileReference; lastKnownFileType = sourcecode.swift; path = ViewModifiers.swift; sourceTree = "<group>"; };
		A2000007 /* NowView.swift */ = {isa = PBXFileReference; lastKnownFileType = sourcecode.swift; path = NowView.swift; sourceTree = "<group>"; };
		A2000008 /* TodayView.swift */ = {isa = PBXFileReference; lastKnownFileType = sourcecode.swift; path = TodayView.swift; sourceTree = "<group>"; };
		A2000009 /* CaptureView.swift */ = {isa = PBXFileReference; lastKnownFileType = sourcecode.swift; path = CaptureView.swift; sourceTree = "<group>"; };
		A2000010 /* InsightsView.swift */ = {isa = PBXFileReference; lastKnownFileType = sourcecode.swift; path = InsightsView.swift; sourceTree = "<group>"; };
		A2000011 /* SettingsView.swift */ = {isa = PBXFileReference; lastKnownFileType = sourcecode.swift; path = SettingsView.swift; sourceTree = "<group>"; };
		A2000012 /* EmptyStateView.swift */ = {isa = PBXFileReference; lastKnownFileType = sourcecode.swift; path = EmptyStateView.swift; sourceTree = "<group>"; };
		A2000013 /* APIClient.swift */ = {isa = PBXFileReference; lastKnownFileType = sourcecode.swift; path = APIClient.swift; sourceTree = "<group>"; };
		A2000014 /* View+Extensions.swift */ = {isa = PBXFileReference; lastKnownFileType = sourcecode.swift; path = "View+Extensions.swift"; sourceTree = "<group>"; };
		A2000015 /* AuthService.swift */ = {isa = PBXFileReference; lastKnownFileType = sourcecode.swift; path = AuthService.swift; sourceTree = "<group>"; };
		A2000016 /* AppleSignInCoordinator.swift */ = {isa = PBXFileReference; lastKnownFileType = sourcecode.swift; path = AppleSignInCoordinator.swift; sourceTree = "<group>"; };
		A2000017 /* SignInView.swift */ = {isa = PBXFileReference; lastKnownFileType = sourcecode.swift; path = SignInView.swift; sourceTree = "<group>"; };
		A2000018 /* OnboardingView.swift */ = {isa = PBXFileReference; lastKnownFileType = sourcecode.swift; path = OnboardingView.swift; sourceTree = "<group>"; };
		A2000030 /* CaptureViewModel.swift */ = {isa = PBXFileReference; lastKnownFileType = sourcecode.swift; path = CaptureViewModel.swift; sourceTree = "<group>"; };
		A2000031 /* TodayViewModel.swift */ = {isa = PBXFileReference; lastKnownFileType = sourcecode.swift; path = TodayViewModel.swift; sourceTree = "<group>"; };
		A2000032 /* TimelineCard.swift */ = {isa = PBXFileReference; lastKnownFileType = sourcecode.swift; path = TimelineCard.swift; sourceTree = "<group>"; };
		A2000033 /* NowViewModel.swift */ = {isa = PBXFileReference; lastKnownFileType = sourcecode.swift; path = NowViewModel.swift; sourceTree = "<group>"; };
		A27CCD58C9BAE9E0D039807B /* Assets.xcassets */ = {isa = PBXFileReference; includeInIndex = 1; lastKnownFileType = folder.assetcatalog; path = Assets.xcassets; sourceTree = "<group>"; };
		A3000001 /* TimeSense.app */ = {isa = PBXFileReference; explicitFileType = wrapper.application; includeInIndex = 0; path = TimeSense.app; sourceTree = BUILT_PRODUCTS_DIR; };
		B27C9273247D83F087DBA4C0 /* TimeSenseAppIntents.swift */ = {isa = PBXFileReference; includeInIndex = 1; lastKnownFileType = sourcecode.swift; path = TimeSenseAppIntents.swift; sourceTree = "<group>"; };
		C846D3A21090B08FC60339F0 /* LearnedAssumptionsViewModel.swift */ = {isa = PBXFileReference; includeInIndex = 1; lastKnownFileType = sourcecode.swift; path = LearnedAssumptionsViewModel.swift; sourceTree = "<group>"; };
		D1279BB5F66DAC3C14E45947 /* SnapshotProvider.swift */ = {isa = PBXFileReference; includeInIndex = 1; lastKnownFileType = sourcecode.swift; path = SnapshotProvider.swift; sourceTree = "<group>"; };
		D44E62F60C5377281196BE9F /* LearnedAssumptionsView.swift */ = {isa = PBXFileReference; includeInIndex = 1; lastKnownFileType = sourcecode.swift; path = LearnedAssumptionsView.swift; sourceTree = "<group>"; };
		DEFDF748BAAB394AB39A6521 /* HealthService.swift */ = {isa = PBXFileReference; includeInIndex = 1; lastKnownFileType = sourcecode.swift; path = HealthService.swift; sourceTree = "<group>"; };
		E36EB356DF40246D524569A1 /* TimeSenseWidgetBundle.swift */ = {isa = PBXFileReference; includeInIndex = 1; lastKnownFileType = sourcecode.swift; path = TimeSenseWidgetBundle.swift; sourceTree = "<group>"; };
		F16EB79605DB0C9B35633534 /* LocationService.swift */ = {isa = PBXFileReference; includeInIndex = 1; lastKnownFileType = sourcecode.swift; name = LocationService.swift; path = Location/LocationService.swift; sourceTree = "<group>"; };
		F22CD5D75BA658BEA67CA349 /* InsightsViewModel.swift */ = {isa = PBXFileReference; includeInIndex = 1; lastKnownFileType = sourcecode.swift; path = InsightsViewModel.swift; sourceTree = "<group>"; };
		FC4C1AC65D8617FA53D4A853 /* TimeSenseWidgetExtension.appex */ = {isa = PBXFileReference; explicitFileType = "wrapper.app-extension"; includeInIndex = 0; path = TimeSenseWidgetExtension.appex; sourceTree = BUILT_PRODUCTS_DIR; };
/* End PBXFileReference section */

/* Begin PBXFrameworksBuildPhase section */
		A4000001 /* Frameworks */ = {
			isa = PBXFrameworksBuildPhase;
			buildActionMask = 2147483647;
			files = (
				3D092792B9E925D96BBCB8C5 /* FirebaseAuth in Frameworks */,
				3F554C916352558F50E350F1 /* FirebaseCore in Frameworks */,
				6CD4FF6DFF50C030900D4212 /* GoogleSignIn in Frameworks */,
			);
			runOnlyForDeploymentPostprocessing = 0;
		};
		E9BA3D24745FEF06AC300A89 /* Frameworks */ = {
			isa = PBXFrameworksBuildPhase;
			buildActionMask = 2147483647;
			files = (
				AB4928A79E2DF8D711F9C21C /* Foundation.framework in Frameworks */,
			);
			runOnlyForDeploymentPostprocessing = 0;
		};
/* End PBXFrameworksBuildPhase section */

/* Begin PBXGroup section */
		2AE198C288EB427414A4A0BC /* Widgets */ = {
			isa = PBXGroup;
			children = (
				3FA88F58BA84E09F833DCD97 /* WidgetSnapshot.swift */,
			);
			path = Widgets;
			sourceTree = "<group>";
		};
		4040291497A3B40B6FBDA1C6 /* TimeSenseWidget */ = {
			isa = PBXGroup;
			children = (
				E36EB356DF40246D524569A1 /* TimeSenseWidgetBundle.swift */,
				D1279BB5F66DAC3C14E45947 /* SnapshotProvider.swift */,
				2BA6630C19CFCE153E6A22BD /* UsableTimeWidget.swift */,
				0735A76942000F597C1CACE5 /* NextEventWidget.swift */,
				5652B19156DB21CFDB4A9433 /* BestNextActionWidget.swift */,
				6345B92D47288413957CE8BE /* Info.plist */,
				53053C84F6BDAB4CB9AC5592 /* TimeSenseWidget.entitlements */,
			);
			path = TimeSenseWidget;
			sourceTree = "<group>";
		};
		5813CB2744F38A533663F74D /* Frameworks */ = {
			isa = PBXGroup;
			children = (
				8BE9FE69B2254F6BC940D880 /* iOS */,
			);
			name = Frameworks;
			sourceTree = "<group>";
		};
		6D419B0395F5137C0595C7AD /* Calendar */ = {
			isa = PBXGroup;
			children = (
				3905AA6E1DC3584DC4579947 /* CalendarSyncService.swift */,
				63E29C3626EF863D669F96BA /* EventEditorView.swift */,
			);
			name = Calendar;
			sourceTree = "<group>";
		};
		8BE9FE69B2254F6BC940D880 /* iOS */ = {
			isa = PBXGroup;
			children = (
				3AF2C9C92FEC1E46674899DC /* Foundation.framework */,
			);
			name = iOS;
			sourceTree = "<group>";
		};
		9D481B5AC5A997B047604EF2 /* Health */ = {
			isa = PBXGroup;
			children = (
				DEFDF748BAAB394AB39A6521 /* HealthService.swift */,
			);
			path = Health;
			sourceTree = "<group>";
		};
		A5000000 = {
			isa = PBXGroup;
			children = (
				A5000001 /* TimeSense */,
				A5000002 /* Products */,
				5813CB2744F38A533663F74D /* Frameworks */,
				4040291497A3B40B6FBDA1C6 /* TimeSenseWidget */,
			);
			sourceTree = "<group>";
		};
		A5000001 /* TimeSense */ = {
			isa = PBXGroup;
			children = (
				A5000010 /* App */,
				A5000020 /* Core */,
				A5000030 /* Features */,
				A5000040 /* Components */,
				7FAA2C64ED43B5EA57A49D6E /* TimeSense.entitlements */,
				E72265378D15A638603FE532 /* Intents */,
				10849A270EBDF154E79FD082 /* GoogleService-Info.plist */,
				A27CCD58C9BAE9E0D039807B /* Assets.xcassets */,
			);
			path = TimeSense;
			sourceTree = "<group>";
		};
		A5000002 /* Products */ = {
			isa = PBXGroup;
			children = (
				A3000001 /* TimeSense.app */,
				FC4C1AC65D8617FA53D4A853 /* TimeSenseWidgetExtension.appex */,
			);
			name = Products;
			sourceTree = "<group>";
		};
		A5000010 /* App */ = {
			isa = PBXGroup;
			children = (
				A2000001 /* TimeSenseApp.swift */,
				A2000002 /* AppState.swift */,
				A2000003 /* ContentView.swift */,
				A2000004 /* MainTabView.swift */,
				3EB3BCF8932A4D3E59E6DE68 /* AppDelegate.swift */,
				157401B5592BA83C136A5804 /* DeepLinkRouter.swift */,
			);
			path = App;
			sourceTree = "<group>";
		};
		A5000020 /* Core */ = {
			isa = PBXGroup;
			children = (
				A5000021 /* Design */,
				A5000022 /* API */,
				A5000023 /* Extensions */,
				A5000024 /* Auth */,
				2AE198C288EB427414A4A0BC /* Widgets */,
				9D481B5AC5A997B047604EF2 /* Health */,
				D98A6675BA65CD8C0C43AC2C /* Location */,
				6D419B0395F5137C0595C7AD /* Calendar */,
			);
			path = Core;
			sourceTree = "<group>";
		};
		A5000021 /* Design */ = {
			isa = PBXGroup;
			children = (
				A2000005 /* DesignTokens.swift */,
				A2000006 /* ViewModifiers.swift */,
			);
			path = Design;
			sourceTree = "<group>";
		};
		A5000022 /* API */ = {
			isa = PBXGroup;
			children = (
				A2000013 /* APIClient.swift */,
			);
			path = API;
			sourceTree = "<group>";
		};
		A5000023 /* Extensions */ = {
			isa = PBXGroup;
			children = (
				A2000014 /* View+Extensions.swift */,
			);
			path = Extensions;
			sourceTree = "<group>";
		};
		A5000024 /* Auth */ = {
			isa = PBXGroup;
			children = (
				A2000015 /* AuthService.swift */,
				A2000016 /* AppleSignInCoordinator.swift */,
			);
			path = Auth;
			sourceTree = "<group>";
		};
		A5000030 /* Features */ = {
			isa = PBXGroup;
			children = (
				A5000036 /* Auth */,
				A5000031 /* Now */,
				A5000032 /* Today */,
				A5000033 /* Capture */,
				A5000034 /* Insights */,
				A5000035 /* Settings */,
			);
			path = Features;
			sourceTree = "<group>";
		};
		A5000031 /* Now */ = {
			isa = PBXGroup;
			children = (
				A2000007 /* NowView.swift */,
				A2000033 /* NowViewModel.swift */,
			);
			path = Now;
			sourceTree = "<group>";
		};
		A5000032 /* Today */ = {
			isa = PBXGroup;
			children = (
				A2000008 /* TodayView.swift */,
				A2000031 /* TodayViewModel.swift */,
				A2000032 /* TimelineCard.swift */,
			);
			path = Today;
			sourceTree = "<group>";
		};
		A5000033 /* Capture */ = {
			isa = PBXGroup;
			children = (
				A2000009 /* CaptureView.swift */,
				A2000030 /* CaptureViewModel.swift */,
			);
			path = Capture;
			sourceTree = "<group>";
		};
		A5000034 /* Insights */ = {
			isa = PBXGroup;
			children = (
				A2000010 /* InsightsView.swift */,
				F22CD5D75BA658BEA67CA349 /* InsightsViewModel.swift */,
			);
			path = Insights;
			sourceTree = "<group>";
		};
		A5000035 /* Settings */ = {
			isa = PBXGroup;
			children = (
				A2000011 /* SettingsView.swift */,
				C846D3A21090B08FC60339F0 /* LearnedAssumptionsViewModel.swift */,
				D44E62F60C5377281196BE9F /* LearnedAssumptionsView.swift */,
				4AC9046CC1824BBE8217F24B /* SettingsScreens.swift */,
				71DE2E87542D3359F2FEE460 /* PlacesSettingsView.swift */,
			);
			path = Settings;
			sourceTree = "<group>";
		};
		A5000036 /* Auth */ = {
			isa = PBXGroup;
			children = (
				A2000017 /* SignInView.swift */,
				A2000018 /* OnboardingView.swift */,
			);
			path = Auth;
			sourceTree = "<group>";
		};
		A5000040 /* Components */ = {
			isa = PBXGroup;
			children = (
				A2000012 /* EmptyStateView.swift */,
			);
			path = Components;
			sourceTree = "<group>";
		};
		D98A6675BA65CD8C0C43AC2C /* Location */ = {
			isa = PBXGroup;
			children = (
				F16EB79605DB0C9B35633534 /* LocationService.swift */,
			);
			name = Location;
			sourceTree = "<group>";
		};
		E72265378D15A638603FE532 /* Intents */ = {
			isa = PBXGroup;
			children = (
				B27C9273247D83F087DBA4C0 /* TimeSenseAppIntents.swift */,
				1D9496846C646307031C8387 /* TimeSenseShortcuts.swift */,
			);
			path = Intents;
			sourceTree = "<group>";
		};
/* End PBXGroup section */

/* Begin PBXNativeTarget section */
		A6000001 /* TimeSense */ = {
			isa = PBXNativeTarget;
			buildConfigurationList = A8000001 /* Build configuration list for PBXNativeTarget "TimeSense" */;
			buildPhases = (
				A7000001 /* Sources */,
				A4000001 /* Frameworks */,
				A7000002 /* Resources */,
				C489911DA60F29D17BA57C1D /* Embed Foundation Extensions */,
			);
			buildRules = (
			);
			dependencies = (
				4C8D09E1D5F3B18B626DDCF9 /* PBXTargetDependency */,
			);
			name = TimeSense;
			packageProductDependencies = (
				0AD19081BFEAB84D2436D502 /* FirebaseAuth */,
				B7C454C84B7C4695AE16D3BD /* FirebaseCore */,
				B1E8B7D3AE0CA4FC53BB095C /* GoogleSignIn */,
			);
			productName = TimeSense;
			productReference = A3000001 /* TimeSense.app */;
			productType = "com.apple.product-type.application";
		};
		C7768A1DC53D81F23727A0A6 /* TimeSenseWidgetExtension */ = {
			isa = PBXNativeTarget;
			buildConfigurationList = 7C2EFB1E82155AA84916195D /* Build configuration list for PBXNativeTarget "TimeSenseWidgetExtension" */;
			buildPhases = (
				B438293CE106DB2CFB974B96 /* Sources */,
				E9BA3D24745FEF06AC300A89 /* Frameworks */,
				18FBCFF5E6D7A0DEB98563B4 /* Resources */,
			);
			buildRules = (
			);
			dependencies = (
			);
			name = TimeSenseWidgetExtension;
			productName = TimeSenseWidgetExtension;
			productReference = FC4C1AC65D8617FA53D4A853 /* TimeSenseWidgetExtension.appex */;
			productType = "com.apple.product-type.app-extension";
		};
/* End PBXNativeTarget section */

/* Begin PBXProject section */
		A9000001 /* Project object */ = {
			isa = PBXProject;
			attributes = {
				BuildIndependentTargetsInParallel = 1;
				LastSwiftUpdateCheck = 1540;
				LastUpgradeCheck = 1540;
				TargetAttributes = {
					A6000001 = {
						CreatedOnToolsVersion = 15.4;
					};
				};
			};
			buildConfigurationList = A8000002 /* Build configuration list for PBXProject "TimeSense" */;
			compatibilityVersion = "Xcode 14.0";
			developmentRegion = en;
			hasScannedForEncodings = 0;
			knownRegions = (
				en,
				Base,
			);
			mainGroup = A5000000;
			packageReferences = (
				3597EEBF2FFA514100D38BCD /* XCRemoteSwiftPackageReference "firebase-ios-sdk" */,
				41E9CEC977B7F48B175E5284 /* XCRemoteSwiftPackageReference "GoogleSignIn-iOS" */,
			);
			productRefGroup = A5000002 /* Products */;
			projectDirPath = "";
			projectRoot = "";
			targets = (
				A6000001 /* TimeSense */,
				C7768A1DC53D81F23727A0A6 /* TimeSenseWidgetExtension */,
			);
		};
/* End PBXProject section */

/* Begin PBXResourcesBuildPhase section */
		18FBCFF5E6D7A0DEB98563B4 /* Resources */ = {
			isa = PBXResourcesBuildPhase;
			buildActionMask = 2147483647;
			files = (
			);
			runOnlyForDeploymentPostprocessing = 0;
		};
		A7000002 /* Resources */ = {
			isa = PBXResourcesBuildPhase;
			buildActionMask = 2147483647;
			files = (
				B222B5BA80D315FBD04DD843 /* GoogleService-Info.plist in Resources */,
				F38816ECFDA6CE143C0C8729 /* Assets.xcassets in Resources */,
			);
			runOnlyForDeploymentPostprocessing = 0;
		};
/* End PBXResourcesBuildPhase section */

/* Begin PBXSourcesBuildPhase section */
		A7000001 /* Sources */ = {
			isa = PBXSourcesBuildPhase;
			buildActionMask = 2147483647;
			files = (
				A1000001 /* TimeSenseApp.swift in Sources */,
				A1000002 /* AppState.swift in Sources */,
				A1000003 /* ContentView.swift in Sources */,
				A1000004 /* MainTabView.swift in Sources */,
				A1000005 /* DesignTokens.swift in Sources */,
				A1000006 /* ViewModifiers.swift in Sources */,
				A1000007 /* NowView.swift in Sources */,
				A1000033 /* NowViewModel.swift in Sources */,
				A1000008 /* TodayView.swift in Sources */,
				A1000031 /* TodayViewModel.swift in Sources */,
				A1000032 /* TimelineCard.swift in Sources */,
				A1000009 /* CaptureView.swift in Sources */,
				A1000030 /* CaptureViewModel.swift in Sources */,
				A1000010 /* InsightsView.swift in Sources */,
				A1000011 /* SettingsView.swift in Sources */,
				A1000012 /* EmptyStateView.swift in Sources */,
				A1000013 /* APIClient.swift in Sources */,
				A1000014 /* View+Extensions.swift in Sources */,
				A1000015 /* AuthService.swift in Sources */,
				A1000016 /* AppleSignInCoordinator.swift in Sources */,
				A1000017 /* SignInView.swift in Sources */,
				A1000018 /* OnboardingView.swift in Sources */,
				27E0CEE0014BB03E51E55021 /* WidgetSnapshot.swift in Sources */,
				56A356B25C25BEB8CD534EE2 /* InsightsViewModel.swift in Sources */,
				1867B909FA67B3A39C779266 /* LearnedAssumptionsViewModel.swift in Sources */,
				6F341198DDE522BD07556E0F /* LearnedAssumptionsView.swift in Sources */,
				F0D2D149DB35C66A29073F3C /* TimeSenseAppIntents.swift in Sources */,
				C947A57452119252AB0CE31D /* TimeSenseShortcuts.swift in Sources */,
				139CC16BB770927E35C73A16 /* HealthService.swift in Sources */,
				DF73E27F96DC6091FCDB6F74 /* SettingsScreens.swift in Sources */,
				F241C418D7E5B07832A1E7D5 /* LocationService.swift in Sources */,
				89438A1E57EBE9F4974111C0 /* AppDelegate.swift in Sources */,
				C1277917BBEAE5DE7169E3AD /* PlacesSettingsView.swift in Sources */,
				A2D6914E19DA19A024906F18 /* CalendarSyncService.swift in Sources */,
				8E3B31883FEA8B41E2E76E41 /* EventEditorView.swift in Sources */,
				AC5C8D839246AAA1FAD6F1A8 /* DeepLinkRouter.swift in Sources */,
			);
			runOnlyForDeploymentPostprocessing = 0;
		};
		B438293CE106DB2CFB974B96 /* Sources */ = {
			isa = PBXSourcesBuildPhase;
			buildActionMask = 2147483647;
			files = (
				52BDFC5568770624F97DA818 /* TimeSenseWidgetBundle.swift in Sources */,
				728E116FA78F04E8313637A4 /* SnapshotProvider.swift in Sources */,
				0FABB452D1E4F020AAF09896 /* UsableTimeWidget.swift in Sources */,
				2581959640C248F708C40237 /* NextEventWidget.swift in Sources */,
				1790B0431C0A702E3C4D3A8F /* BestNextActionWidget.swift in Sources */,
				FAA7334EFCCDA29FF0B9667E /* WidgetSnapshot.swift in Sources */,
				6DE9467AEC6AECB4110CB3C0 /* DesignTokens.swift in Sources */,
			);
			runOnlyForDeploymentPostprocessing = 0;
		};
/* End PBXSourcesBuildPhase section */

/* Begin PBXTargetDependency section */
		4C8D09E1D5F3B18B626DDCF9 /* PBXTargetDependency */ = {
			isa = PBXTargetDependency;
			name = TimeSenseWidgetExtension;
			target = C7768A1DC53D81F23727A0A6 /* TimeSenseWidgetExtension */;
			targetProxy = A644018C0556263546BCAFDA /* PBXContainerItemProxy */;
		};
/* End PBXTargetDependency section */

/* Begin XCBuildConfiguration section */
		A8000003 /* Debug */ = {
			isa = XCBuildConfiguration;
			buildSettings = {
				ALWAYS_SEARCH_USER_PATHS = NO;
				ASSETCATALOG_COMPILER_GENERATE_SWIFT_ASSET_SYMBOL_EXTENSIONS = YES;
				CLANG_ANALYZER_NONNULL = YES;
				CLANG_ANALYZER_NUMBER_OBJECT_CONVERSION = YES_AGGRESSIVE;
				CLANG_CXX_LANGUAGE_STANDARD = "gnu++20";
				CLANG_ENABLE_MODULES = YES;
				CLANG_ENABLE_OBJC_ARC = YES;
				CLANG_ENABLE_OBJC_WEAK = YES;
				CLANG_WARN_BLOCK_CAPTURE_AUTORELEASING = YES;
				CLANG_WARN_BOOL_CONVERSION = YES;
				CLANG_WARN_COMMA = YES;
				CLANG_WARN_CONSTANT_CONVERSION = YES;
				CLANG_WARN_DEPRECATED_OBJC_IMPLEMENTATIONS = YES;
				CLANG_WARN_DIRECT_OBJC_ISA_USAGE = YES_ERROR;
				CLANG_WARN_DOCUMENTATION_COMMENTS = YES;
				CLANG_WARN_EMPTY_BODY = YES;
				CLANG_WARN_ENUM_CONVERSION = YES;
				CLANG_WARN_INFINITE_RECURSION = YES;
				CLANG_WARN_INT_CONVERSION = YES;
				CLANG_WARN_NON_LITERAL_NULL_CONVERSION = YES;
				CLANG_WARN_OBJC_IMPLICIT_RETAIN_SELF = YES;
				CLANG_WARN_OBJC_LITERAL_CONVERSION = YES;
				CLANG_WARN_OBJC_ROOT_CLASS = YES_ERROR;
				CLANG_WARN_QUOTED_INCLUDE_IN_FRAMEWORK_HEADER = YES;
				CLANG_WARN_RANGE_LOOP_ANALYSIS = YES;
				CLANG_WARN_STRICT_PROTOTYPES = YES;
				CLANG_WARN_SUSPICIOUS_MOVE = YES;
				CLANG_WARN_UNGUARDED_AVAILABILITY = YES_AGGRESSIVE;
				CLANG_WARN_UNREACHABLE_CODE = YES;
				CLANG_WARN__DUPLICATE_METHOD_EXCEPTION = YES;
				COPY_PHASE_STRIP = NO;
				DEBUG_INFORMATION_FORMAT = dwarf;
				ENABLE_STRICT_OBJC_MSGSEND = YES;
				ENABLE_TESTABILITY = YES;
				ENABLE_USER_SCRIPT_SANDBOXING = YES;
				GCC_C_LANGUAGE_STANDARD = gnu17;
				GCC_DYNAMIC_NO_PIC = NO;
				GCC_NO_COMMON_BLOCKS = YES;
				GCC_OPTIMIZATION_LEVEL = 0;
				GCC_PREPROCESSOR_DEFINITIONS = (
					"DEBUG=1",
					"$(inherited)",
				);
				GCC_WARN_64_TO_32_BIT_CONVERSION = YES;
				GCC_WARN_ABOUT_RETURN_TYPE = YES_ERROR;
				GCC_WARN_UNDECLARED_SELECTOR = YES;
				GCC_WARN_UNINITIALIZED_AUTOS = YES_AGGRESSIVE;
				GCC_WARN_UNUSED_FUNCTION = YES;
				GCC_WARN_UNUSED_VARIABLE = YES;
				IPHONEOS_DEPLOYMENT_TARGET = 17.0;
				MTL_ENABLE_DEBUG_INFO = INCLUDE_SOURCE;
				MTL_FAST_MATH = YES;
				ONLY_ACTIVE_ARCH = YES;
				SDKROOT = iphoneos;
				SWIFT_ACTIVE_COMPILATION_CONDITIONS = "DEBUG $(inherited)";
				SWIFT_OPTIMIZATION_LEVEL = "-Onone";
			};
			name = Debug;
		};
		A8000004 /* Release */ = {
			isa = XCBuildConfiguration;
			buildSettings = {
				ALWAYS_SEARCH_USER_PATHS = NO;
				ASSETCATALOG_COMPILER_GENERATE_SWIFT_ASSET_SYMBOL_EXTENSIONS = YES;
				CLANG_ANALYZER_NONNULL = YES;
				CLANG_ANALYZER_NUMBER_OBJECT_CONVERSION = YES_AGGRESSIVE;
				CLANG_CXX_LANGUAGE_STANDARD = "gnu++20";
				CLANG_ENABLE_MODULES = YES;
				CLANG_ENABLE_OBJC_ARC = YES;
				CLANG_ENABLE_OBJC_WEAK = YES;
				COPY_PHASE_STRIP = NO;
				DEBUG_INFORMATION_FORMAT = "dwarf-with-dsym";
				ENABLE_NS_ASSERTIONS = NO;
				ENABLE_STRICT_OBJC_MSGSEND = YES;
				ENABLE_USER_SCRIPT_SANDBOXING = YES;
				GCC_C_LANGUAGE_STANDARD = gnu17;
				GCC_NO_COMMON_BLOCKS = YES;
				GCC_WARN_64_TO_32_BIT_CONVERSION = YES;
				GCC_WARN_ABOUT_RETURN_TYPE = YES_ERROR;
				GCC_WARN_UNDECLARED_SELECTOR = YES;
				GCC_WARN_UNINITIALIZED_AUTOS = YES_AGGRESSIVE;
				GCC_WARN_UNUSED_FUNCTION = YES;
				GCC_WARN_UNUSED_VARIABLE = YES;
				IPHONEOS_DEPLOYMENT_TARGET = 17.0;
				MTL_FAST_MATH = YES;
				SDKROOT = iphoneos;
				SWIFT_COMPILATION_MODE = wholemodule;
				SWIFT_OPTIMIZATION_LEVEL = "-O";
				VALIDATE_PRODUCT = YES;
			};
			name = Release;
		};
		A8000005 /* Debug */ = {
			isa = XCBuildConfiguration;
			buildSettings = {
				ASSETCATALOG_COMPILER_APPICON_NAME = AppIcon;
				ASSETCATALOG_COMPILER_GLOBAL_ACCENT_COLOR_NAME = AccentColor;
				CODE_SIGN_ENTITLEMENTS = TimeSense/TimeSense.entitlements;
				CODE_SIGN_STYLE = Automatic;
				CURRENT_PROJECT_VERSION = 1;
				DEVELOPMENT_ASSET_PATHS = "";
				DEVELOPMENT_TEAM = WB5NV894N5;
				ENABLE_PREVIEWS = YES;
				GENERATE_INFOPLIST_FILE = YES;
				INFOPLIST_FILE = TimeSense/Info.plist;
				INFOPLIST_KEY_NSHealthShareUsageDescription = "TimeSense reads your recent sleep to suggest a better morning plan. It never writes to Health.";
				INFOPLIST_KEY_UIApplicationSceneManifest_Generation = YES;
				INFOPLIST_KEY_UIApplicationSupportsIndirectInputEvents = YES;
				INFOPLIST_KEY_UILaunchScreen_Generation = YES;
				INFOPLIST_KEY_UISupportedInterfaceOrientations_iPhone = UIInterfaceOrientationPortrait;
				LD_RUNPATH_SEARCH_PATHS = (
					"$(inherited)",
					"@executable_path/Frameworks",
				);
				MARKETING_VERSION = 0.1.0;
				PRODUCT_BUNDLE_IDENTIFIER = com.aetheranalytics.timesense;
				PRODUCT_NAME = "$(TARGET_NAME)";
				SWIFT_EMIT_LOC_STRINGS = YES;
				SWIFT_VERSION = 5.0;
				TARGETED_DEVICE_FAMILY = 1;
			};
			name = Debug;
		};
		A8000006 /* Release */ = {
			isa = XCBuildConfiguration;
			buildSettings = {
				ASSETCATALOG_COMPILER_APPICON_NAME = AppIcon;
				ASSETCATALOG_COMPILER_GLOBAL_ACCENT_COLOR_NAME = AccentColor;
				CODE_SIGN_ENTITLEMENTS = TimeSense/TimeSense.entitlements;
				CODE_SIGN_STYLE = Automatic;
				CURRENT_PROJECT_VERSION = 1;
				DEVELOPMENT_ASSET_PATHS = "";
				DEVELOPMENT_TEAM = WB5NV894N5;
				ENABLE_PREVIEWS = YES;
				GENERATE_INFOPLIST_FILE = YES;
				INFOPLIST_FILE = TimeSense/Info.plist;
				INFOPLIST_KEY_NSHealthShareUsageDescription = "TimeSense reads your recent sleep to suggest a better morning plan. It never writes to Health.";
				INFOPLIST_KEY_UIApplicationSceneManifest_Generation = YES;
				INFOPLIST_KEY_UIApplicationSupportsIndirectInputEvents = YES;
				INFOPLIST_KEY_UILaunchScreen_Generation = YES;
				INFOPLIST_KEY_UISupportedInterfaceOrientations_iPhone = UIInterfaceOrientationPortrait;
				LD_RUNPATH_SEARCH_PATHS = (
					"$(inherited)",
					"@executable_path/Frameworks",
				);
				MARKETING_VERSION = 0.1.0;
				PRODUCT_BUNDLE_IDENTIFIER = com.aetheranalytics.timesense;
				PRODUCT_NAME = "$(TARGET_NAME)";
				SWIFT_EMIT_LOC_STRINGS = YES;
				SWIFT_VERSION = 5.0;
				TARGETED_DEVICE_FAMILY = 1;
			};
			name = Release;
		};
		E3D47E8CECE481DACF005778 /* Debug */ = {
			isa = XCBuildConfiguration;
			buildSettings = {
				CLANG_ENABLE_OBJC_WEAK = NO;
				CODE_SIGN_ENTITLEMENTS = TimeSenseWidget/TimeSenseWidget.entitlements;
				CODE_SIGN_STYLE = Automatic;
				CURRENT_PROJECT_VERSION = 1;
				DEVELOPMENT_TEAM = WB5NV894N5;
				ENABLE_PREVIEWS = YES;
				GENERATE_INFOPLIST_FILE = NO;
				INFOPLIST_FILE = TimeSenseWidget/Info.plist;
				IPHONEOS_DEPLOYMENT_TARGET = 17.0;
				MARKETING_VERSION = 0.1.0;
				PRODUCT_BUNDLE_IDENTIFIER = com.aetheranalytics.timesense.TimeSenseWidget;
				PRODUCT_NAME = "$(TARGET_NAME)";
				SDKROOT = iphoneos;
				SKIP_INSTALL = YES;
				SWIFT_VERSION = 5.0;
				TARGETED_DEVICE_FAMILY = 1;
			};
			name = Debug;
		};
		E8753AB5EC1F6433DCE8A993 /* Release */ = {
			isa = XCBuildConfiguration;
			buildSettings = {
				CLANG_ENABLE_OBJC_WEAK = NO;
				CODE_SIGN_ENTITLEMENTS = TimeSenseWidget/TimeSenseWidget.entitlements;
				CODE_SIGN_STYLE = Automatic;
				CURRENT_PROJECT_VERSION = 1;
				DEVELOPMENT_TEAM = WB5NV894N5;
				ENABLE_PREVIEWS = YES;
				GENERATE_INFOPLIST_FILE = NO;
				INFOPLIST_FILE = TimeSenseWidget/Info.plist;
				IPHONEOS_DEPLOYMENT_TARGET = 17.0;
				MARKETING_VERSION = 0.1.0;
				PRODUCT_BUNDLE_IDENTIFIER = com.aetheranalytics.timesense.TimeSenseWidget;
				PRODUCT_NAME = "$(TARGET_NAME)";
				SDKROOT = iphoneos;
				SKIP_INSTALL = YES;
				SWIFT_VERSION = 5.0;
				TARGETED_DEVICE_FAMILY = 1;
				VALIDATE_PRODUCT = YES;
			};
			name = Release;
		};
/* End XCBuildConfiguration section */

/* Begin XCConfigurationList section */
		7C2EFB1E82155AA84916195D /* Build configuration list for PBXNativeTarget "TimeSenseWidgetExtension" */ = {
			isa = XCConfigurationList;
			buildConfigurations = (
				E8753AB5EC1F6433DCE8A993 /* Release */,
				E3D47E8CECE481DACF005778 /* Debug */,
			);
			defaultConfigurationIsVisible = 0;
			defaultConfigurationName = Release;
		};
		A8000001 /* Build configuration list for PBXNativeTarget "TimeSense" */ = {
			isa = XCConfigurationList;
			buildConfigurations = (
				A8000005 /* Debug */,
				A8000006 /* Release */,
			);
			defaultConfigurationIsVisible = 0;
			defaultConfigurationName = Release;
		};
		A8000002 /* Build configuration list for PBXProject "TimeSense" */ = {
			isa = XCConfigurationList;
			buildConfigurations = (
				A8000003 /* Debug */,
				A8000004 /* Release */,
			);
			defaultConfigurationIsVisible = 0;
			defaultConfigurationName = Release;
		};
/* End XCConfigurationList section */

/* Begin XCRemoteSwiftPackageReference section */
		3597EEBF2FFA514100D38BCD /* XCRemoteSwiftPackageReference "firebase-ios-sdk" */ = {
			isa = XCRemoteSwiftPackageReference;
			repositoryURL = "https://github.com/firebase/firebase-ios-sdk";
			requirement = {
				kind = upToNextMajorVersion;
				minimumVersion = 11.0.0;
			};
		};
		41E9CEC977B7F48B175E5284 /* XCRemoteSwiftPackageReference "GoogleSignIn-iOS" */ = {
			isa = XCRemoteSwiftPackageReference;
			repositoryURL = "https://github.com/google/GoogleSignIn-iOS";
			requirement = {
				kind = upToNextMajorVersion;
				minimumVersion = 8.0.0;
			};
		};
/* End XCRemoteSwiftPackageReference section */

/* Begin XCSwiftPackageProductDependency section */
		0AD19081BFEAB84D2436D502 /* FirebaseAuth */ = {
			isa = XCSwiftPackageProductDependency;
			package = 3597EEBF2FFA514100D38BCD /* XCRemoteSwiftPackageReference "firebase-ios-sdk" */;
			productName = FirebaseAuth;
		};
		B1E8B7D3AE0CA4FC53BB095C /* GoogleSignIn */ = {
			isa = XCSwiftPackageProductDependency;
			package = 41E9CEC977B7F48B175E5284 /* XCRemoteSwiftPackageReference "GoogleSignIn-iOS" */;
			productName = GoogleSignIn;
		};
		B7C454C84B7C4695AE16D3BD /* FirebaseCore */ = {
			isa = XCSwiftPackageProductDependency;
			package = 3597EEBF2FFA514100D38BCD /* XCRemoteSwiftPackageReference "firebase-ios-sdk" */;
			productName = FirebaseCore;
		};
/* End XCSwiftPackageProductDependency section */
	};
	rootObject = A9000001 /* Project object */;
}
